// !$*UTF8*$!
{
	archiveVersion = 1;
	classes = {
	};
	objectVersion = 46;
	objects = {

/* Begin PBXBuildFile section */
		B6CBF11B1CBAD384008C7392 /* main.c in Sources */ = {isa = PBXBuildFile; fileRef = B6CBF11A1CBAD384008C7392 /* main.c */; };
		B6CBF1221CBADFC5008C7392 /* process.txt in CopyFiles */ = {isa = PBXBuildFile; fileRef = B6CBF1211CBAD55B008C7392 /* process.txt */; };
/* End PBXBuildFile section */

/* Begin PBXCopyFilesBuildPhase section */
		B6CBF1151CBAD384008C7392 /* CopyFiles */ = {
			isa = PBXCopyFilesBuildPhase;
			buildActionMask = 12;
			dstPath = "";
			dstSubfolderSpec = 16;
			files = (
				B6CBF1221CBADFC5008C7392 /* process.txt in CopyFiles */,
			);
			runOnlyForDeploymentPostprocessing = 0;
		};
/* End PBXCopyFilesBuildPhase section */

/* Begin PBXFileReference section */
		B6CBF1171CBAD384008C7392 /* qsort-practice */ = {isa = PBXFileReference; explicitFileType = "compiled.mach-o.executable"; includeInIndex = 0; path = "qsort-practice"; sourceTree = BUILT_PRODUCTS_DIR; };
		B6CBF11A1CBAD384008C7392 /* main.c */ = {isa = PBXFileReference; lastKnownFileType = sourcecode.c.c; path = main.c; sourceTree = "<group>"; };
		B6CBF1211CBAD55B008C7392 /* process.txt */ = {isa = PBXFileReference; fileEncoding = 4; lastKnownFileType = text; path = process.txt; sourceTree = "<group>"; };
/* End PBXFileReference section */

/* Begin PBXFrameworksBuildPhase section */
		B6CBF1141CBAD384008C7392 /* Frameworks */ = {
			isa = PBXFrameworksBuildPhase;
			buildActionMask = 2147483647;
			files = (
			);
			runOnlyForDeploymentPostprocessing = 0;
		};
/* End PBXFrameworksBuildPhase section */

/* Begin PBXGroup section */
		B6CBF10E1CBAD384008C7392 = {
			isa = PBXGroup;
			children = (
				B6CBF1191CBAD384008C7392 /* qsort-practice */,
				B6CBF1181CBAD384008C7392 /* Products */,
			);
			sourceTree = "<group>";
		};
		B6CBF1181CBAD384008C7392 /* Products */ = {
			isa = PBXGroup;
			children = (
				B6CBF1171CBAD384008C7392 /* qsort-practice */,
			);
			name = Products;
			sourceTree = "<group>";
		};
		B6CBF1191CBAD384008C7392 /* qsort-practice */ = {
			isa = PBXGroup;
			children = (
				B6CBF11A1CBAD384008C7392 /* main.c */,
				B6CBF1211CBAD55B008C7392 /* process.txt */,
			);
			path = "qsort-practice";
			sourceTree = "<group>";
		};
/* End PBXGroup section */

/* Begin PBXNativeTarget section */
		B6CBF1161CBAD384008C7392 /* qsort-practice */ = {
			isa = PBXNativeTarget;
			buildConfigurationList = B6CBF11E1CBAD384008C7392 /* Build configuration list for PBXNativeTarget "qsort-practice" */;
			buildPhases = (
				B6CBF1131CBAD384008C7392 /* Sources */,
				B6CBF1141CBAD384008C7392 /* Frameworks */,
				B6CBF1151CBAD384008C7392 /* CopyFiles */,
			);
			buildRules = (
			);
			dependencies = (
			);
			name = "qsort-practice";
			productName = "qsort-practice";
			productReference = B6CBF1171CBAD384008C7392 /* qsort-practice */;
			productType = "com.apple.product-type.tool";
		};
/* End PBXNativeTarget section */

/* Begin PBXProject section */
		B6CBF10F1CBAD384008C7392 /* Project object */ = {
			isa = PBXProject;
			attributes = {
				LastUpgradeCheck = 0730;
				ORGANIZATIONNAME = "雪竜";
				TargetAttributes = {
					B6CBF1161CBAD384008C7392 = {
						CreatedOnToolsVersion = 7.3;
					};
				};
			};
			buildConfigurationList = B6CBF1121CBAD384008C7392 /* Build configuration list for PBXProject "qsort-practice" */;
			compatibilityVersion = "Xcode 3.2";
			developmentRegion = English;
			hasScannedForEncodings = 0;
			knownRegions = (
				en,
			);
			mainGroup = B6CBF10E1CBAD384008C7392;
			productRefGroup = B6CBF1181CBAD384008C7392 /* Products */;
			projectDirPath = "";
			projectRoot = "";
			targets = (
				B6CBF1161CBAD384008C7392 /* qsort-practice */,
			);
		};
/* End PBXProject section */

/* Begin PBXSourcesBuildPhase section */
		B6CBF1131CBAD384008C7392 /* Sources */ = {
			isa = PBXSourcesBuildPhase;
			buildActionMask = 2147483647;
			files = (
				B6CBF11B1CBAD384008C7392 /* main.c in Sources */,
			);
			runOnlyForDeploymentPostprocessing = 0;
		};
/* End PBXSourcesBuildPhase section */

/* Begin XCBuildConfiguration section */
		B6CBF11C1CBAD384008C7392 /* Debug */ = {
			isa = XCBuildConfiguration;
			buildSettings = {
				ALWAYS_SEARCH_USER_PATHS = NO;
				CLANG_ANALYZER_NONNULL = YES;
				CLANG_CXX_LANGUAGE_STANDARD = "gnu++0x";
				CLANG_CXX_LIBRARY = "libc++";
				CLANG_ENABLE_MODULES = YES;
				CLANG_ENABLE_OBJC_ARC = YES;
				CLANG_WARN_BOOL_CONVERSION = YES;
				CLANG_WARN_CONSTANT_CONVERSION = YES;
				CLANG_WARN_DIRECT_OBJC_ISA_USAGE = YES_ERROR;
				CLANG_WARN_EMPTY_BODY = YES;
				CLANG_WARN_ENUM_CONVERSION = YES;
				CLANG_WARN_INT_CONVERSION = YES;
				CLANG_WARN_OBJC_ROOT_CLASS = YES_ERROR;
				CLANG_WARN_UNREACHABLE_CODE = YES;
				CLANG_WARN__DUPLICATE_METHOD_MATCH = YES;
				CODE_SIGN_IDENTITY = "-";
				COPY_PHASE_STRIP = NO;
				DEBUG_INFORMATION_FORMAT = dwarf;
				ENABLE_STRICT_OBJC_MSGSEND = YES;
				ENABLE_TESTABILITY = YES;
				GCC_C_LANGUAGE_STANDARD = gnu99;
				GCC_DYNAMIC_NO_PIC = NO;
				GCC_NO_COMMON_BLOCKS = YES;
				GCC_OPTIMIZATION_LEVEL = 0;
				GCC_PREPROCESSOR_DEFINITIONS = (
					"DEBUG=1",
					"$(inherited)",
				);
				GCC_WARN_64_TO_32_BIT_CONVERSION = YES;
				GCC_WARN_ABOUT_RETURN_TYPE = YES_ERROR;
				GCC_WARN_UNDECLARED_SELECTOR = YES;
				GCC_WARN_UNINITIALIZED_AUTOS = YES_AGGRESSIVE;
				GCC_WARN_UNUSED_FUNCTION = YES;
				GCC_WARN_UNUSED_VARIABLE = YES;
				MACOSX_DEPLOYMENT_TARGET = 10.11;
				MTL_ENABLE_DEBUG_INFO = YES;
				ONLY_ACTIVE_ARCH = YES;
				SDKROOT = macosx;
			};
			name = Debug;
		};
		B6CBF11D1CBAD384008C7392 /* Release */ = {
			isa = XCBuildConfiguration;
			buildSettings = {
				ALWAYS_SEARCH_USER_PATHS = NO;
				CLANG_ANALYZER_NONNULL = YES;
				CLANG_CXX_LANGUAGE_STANDARD = "gnu++0x";
				CLANG_CXX_LIBRARY = "libc++";
				CLANG_ENABLE_MODULES = YES;
				CLANG_ENABLE_OBJC_ARC = YES;
				CLANG_WARN_BOOL_CONVERSION = YES;
				CLANG_WARN_CONSTANT_CONVERSION = YES;
				CLANG_WARN_DIRECT_OBJC_ISA_USAGE = YES_ERROR;
				CLANG_WARN_EMPTY_BODY = YES;
				CLANG_WARN_ENUM_CONVERSION = YES;
				CLANG_WARN_INT_CONVERSION = YES;
				CLANG_WARN_OBJC_ROOT_CLASS = YES_ERROR;
				CLANG_WARN_UNREACHABLE_CODE = YES;
				CLANG_WARN__DUPLICATE_METHOD_MATCH = YES;
				CODE_SIGN_IDENTITY = "-";
				COPY_PHASE_STRIP = NO;
				DEBUG_INFORMATION_FORMAT = "dwarf-with-dsym";
				ENABLE_NS_ASSERTIONS = NO;
				ENABLE_STRICT_OBJC_MSGSEND = YES;
				GCC_C_LANGUAGE_STANDARD = gnu99;
				GCC_NO_COMMON_BLOCKS = YES;
				GCC_WARN_64_TO_32_BIT_CONVERSION = YES;
				GCC_WARN_ABOUT_RETURN_TYPE = YES_ERROR;
				GCC_WARN_UNDECLARED_SELECTOR = YES;
				GCC_WARN_UNINITIALIZED_AUTOS = YES_AGGRESSIVE;
				GCC_WARN_UNUSED_FUNCTION = YES;
				GCC_WARN_UNUSED_VARIABLE = YES;
				MACOSX_DEPLOYMENT_TARGET = 10.11;
				MTL_ENABLE_DEBUG_INFO = NO;
				SDKROOT = macosx;
			};
			name = Release;
		};
		B6CBF11F1CBAD384008C7392 /* Debug */ = {
			isa = XCBuildConfiguration;
			buildSettings = {
				PRODUCT_NAME = "$(TARGET_NAME)";
			};
			name = Debug;
		};
		B6CBF1201CBAD384008C7392 /* Release */ = {
			isa = XCBuildConfiguration;
			buildSettings = {
				PRODUCT_NAME = "$(TARGET_NAME)";
			};
			name = Release;
		};
/* End XCBuildConfiguration section */

/* Begin XCConfigurationList section */
		B6CBF1121CBAD384008C7392 /* Build configuration list for PBXProject "qsort-practice" */ = {
			isa = XCConfigurationList;
			buildConfigurations = (
				B6CBF11C1CBAD384008C7392 /* Debug */,
				B6CBF11D1CBAD384008C7392 /* Release */,
			);
			defaultConfigurationIsVisible = 0;
			defaultConfigurationName = Release;
		};
		B6CBF11E1CBAD384008C7392 /* Build configuration list for PBXNativeTarget "qsort-practice" */ = {
			isa = XCConfigurationList;
			buildConfigurations = (
				B6CBF11F1CBAD384008C7392 /* Debug */,
				B6CBF1201CBAD384008C7392 /* Release */,
			);
			defaultConfigurationIsVisible = 0;
		};
/* End XCConfigurationList section */
	};
	rootObject = B6CBF10F1CBAD384008C7392 /* Project object */;
}
